
Microsoft Visual Studio Solution File, Format Version 12.00
# Visual Studio 2013
VisualStudioVersion = 12.0.31101.0
MinimumVisualStudioVersion = 10.0.40219.1
Project("{2150E333-8FDC-42A3-9474-1A3956D46DE8}") = ".nuget", ".nuget", "{E4DB7771-D475-4611-AEF9-C5C85B0BE1A0}"
	ProjectSection(SolutionItems) = preProject
		.nuget\NuGet.Config = .nuget\NuGet.Config
		.nuget\NuGet.exe = .nuget\NuGet.exe
		.nuget\NuGet.targets = .nuget\NuGet.targets
	EndProjectSection
EndProject
Project("{F2A71F9B-5D33-465A-A702-920D77279786}") = "FSharp.Dynamic", "FSharp.Dynamic\FSharp.Dynamic.fsproj", "{69E98E16-2E6F-468D-BD96-46BB4B7EB58B}"
EndProject
Project("{F2A71F9B-5D33-465A-A702-920D77279786}") = "Tests", "Tests\Tests.fsproj", "{C47069FD-79CF-47AF-80A1-FD26E823B19E}"
EndProject
Global
	GlobalSection(SolutionConfigurationPlatforms) = preSolution
		Debug|Any CPU = Debug|Any CPU
		Release|Any CPU = Release|Any CPU
	EndGlobalSection
	GlobalSection(ProjectConfigurationPlatforms) = postSolution
		{69E98E16-2E6F-468D-BD96-46BB4B7EB58B}.Debug|Any CPU.ActiveCfg = Debug|Any CPU
		{69E98E16-2E6F-468D-BD96-46BB4B7EB58B}.Debug|Any CPU.Build.0 = Debug|Any CPU
		{69E98E16-2E6F-468D-BD96-46BB4B7EB58B}.Release|Any CPU.ActiveCfg = Release|Any CPU
		{69E98E16-2E6F-468D-BD96-46BB4B7EB58B}.Release|Any CPU.Build.0 = Release|Any CPU
		{C47069FD-79CF-47AF-80A1-FD26E823B19E}.Debug|Any CPU.ActiveCfg = Debug|Any CPU
		{C47069FD-79CF-47AF-80A1-FD26E823B19E}.Debug|Any CPU.Build.0 = Debug|Any CPU
		{C47069FD-79CF-47AF-80A1-FD26E823B19E}.Release|Any CPU.ActiveCfg = Release|Any CPU
		{C47069FD-79CF-47AF-80A1-FD26E823B19E}.Release|Any CPU.Build.0 = Release|Any CPU
	EndGlobalSection
	GlobalSection(SolutionProperties) = preSolution
		HideSolutionNode = FALSE
	EndGlobalSection
EndGlobal
