{
  "version": 2,
  "dependencies": {
    ".NETStandard,Version=v2.0": {
      "Dynamitey": {
        "type": "Direct",
        "requested": "[3.0.3, )",
        "resolved": "3.0.3",
        "contentHash": "ocF4rRKgnmBkblk8RrgRP9YxxeJBvoaoCNLXgmUMgQCjZRw2v6Rtqxt5Kni6/TtbvICeWVN9X/69G5jltUEnbQ==",
        "dependencies": {
          "Microsoft.CSharp": "4.7.0"
        }
      },
      "FSharp.Analyzers.Build": {
        "type": "Direct",
        "requested": "[0.5.0, )",
        "resolved": "0.5.0",
        "contentHash": "KzsZeI3sMK36DloK3nKdHGb8RBeDqitxdqrWQV35DNsLAdx/a9OBFhHngTbnmY6F7Q+urcd/SQvbMcIqFPuD+A=="
      },
      "FSharp.Core": {
        "type": "Direct",
        "requested": "[4.7.2, )",
        "resolved": "4.7.2",
        "contentHash": "w3XFVTnyZUbC8e2QT6a85ern6y7eQPPk+MYemz1FP0iBfgZcembL+wmo5cIZ1kxB8jfoXC8Q9KVkOMsGpkBKbA=="
      },
      "Ionide.Analyzers": {
        "type": "Direct",
        "requested": "[0.19.0, )",
        "resolved": "0.19.0",
        "contentHash": "FBp/etThPSWhbvlM8wLxWtGYWgZ768yYjhwW83y18xZI9VBniG6kFVy4TEleyDkB7QnqfUgVepbT6ryHHFnZEA=="
      },
      "Microsoft.CSharp": {
        "type": "Direct",
        "requested": "[4.7.0, )",
        "resolved": "4.7.0",
        "contentHash": "pTj+D3uJWyN3My70i2Hqo+OXixq3Os2D1nJ2x92FFo6sk8fYS1m1WLNTs0Dc1uPaViH0YvEEwvzddQ7y4rhXmA=="
      },
      "NETStandard.Library": {
        "type": "Direct",
        "requested": "[2.0.3, )",
        "resolved": "2.0.3",
        "contentHash": "st47PosZSHrjECdjeIzZQbzivYBJFv6P2nv4cj2ypdI204DO+vZ7l5raGMiX4eXMJ53RfOIg+/s4DHVZ54Nu2A==",
        "dependencies": {
          "Microsoft.NETCore.Platforms": "1.1.0"
        }
      },
      "Microsoft.NETCore.Platforms": {
        "type": "Transitive",
        "resolved": "1.1.0",
        "contentHash": "kz0PEW2lhqygehI/d6XsPCQzD7ff7gUJaVGPVETX611eadGsA3A877GdSlU0LRVMCTH/+P3o2iDTak+S08V2+A=="
      }
    },
    "net10.0": {
      "Dynamitey": {
        "type": "Direct",
        "requested": "[3.0.3, )",
        "resolved": "3.0.3",
        "contentHash": "ocF4rRKgnmBkblk8RrgRP9YxxeJBvoaoCNLXgmUMgQCjZRw2v6Rtqxt5Kni6/TtbvICeWVN9X/69G5jltUEnbQ=="
      },
      "FSharp.Analyzers.Build": {
        "type": "Direct",
        "requested": "[0.5.0, )",
        "resolved": "0.5.0",
        "contentHash": "KzsZeI3sMK36DloK3nKdHGb8RBeDqitxdqrWQV35DNsLAdx/a9OBFhHngTbnmY6F7Q+urcd/SQvbMcIqFPuD+A=="
      },
      "FSharp.Core": {
        "type": "Direct",
        "requested": "[4.7.2, )",
        "resolved": "4.7.2",
        "contentHash": "w3XFVTnyZUbC8e2QT6a85ern6y7eQPPk+MYemz1FP0iBfgZcembL+wmo5cIZ1kxB8jfoXC8Q9KVkOMsGpkBKbA=="
      },
      "Ionide.Analyzers": {
        "type": "Direct",
        "requested": "[0.19.0, )",
        "resolved": "0.19.0",
        "contentHash": "FBp/etThPSWhbvlM8wLxWtGYWgZ768yYjhwW83y18xZI9VBniG6kFVy4TEleyDkB7QnqfUgVepbT6ryHHFnZEA=="
      },
      "Microsoft.CSharp": {
        "type": "Direct",
        "requested": "[4.7.0, )",
        "resolved": "4.7.0",
        "contentHash": "pTj+D3uJWyN3My70i2Hqo+OXixq3Os2D1nJ2x92FFo6sk8fYS1m1WLNTs0Dc1uPaViH0YvEEwvzddQ7y4rhXmA=="
      }
    }
  }
}